
Microsoft Visual Studio Solution File, Format Version 12.00
# Visual Studio Version 16
VisualStudioVersion = 25.0.1706.7
MinimumVisualStudioVersion = 10.0.40219.1
Project("{FAE04EC0-301F-11D3-BF4B-00C04F79EFBC}") = "Olecons", "Olecons.csproj", "{587E12C5-DB52-4307-88C1-6B27C8E5201E}"
EndProject
Global
	GlobalSection(SolutionConfigurationPlatforms) = preSolution
		Debug|Any CPU = Debug|Any CPU
		Release|Any CPU = Release|Any CPU
	EndGlobalSection
	GlobalSection(ProjectConfigurationPlatforms) = postSolution
		{587E12C5-DB52-4307-88C1-6B27C8E5201E}.Debug|Any CPU.ActiveCfg = Debug|Any CPU
		{587E12C5-DB52-4307-88C1-6B27C8E5201E}.Debug|Any CPU.Build.0 = Debug|Any CPU
		{587E12C5-DB52-4307-88C1-6B27C8E5201E}.Release|Any CPU.ActiveCfg = Release|Any CPU
		{587E12C5-DB52-4307-88C1-6B27C8E5201E}.Release|Any CPU.Build.0 = Release|Any CPU
	EndGlobalSection
	GlobalSection(SolutionProperties) = preSolution
		HideSolutionNode = FALSE
	EndGlobalSection
	GlobalSection(ExtensibilityGlobals) = postSolution
		SolutionGuid = {C3759D00-59BA-42C1-8FD9-6F429636483F}
	EndGlobalSection
EndGlobal
